// !$*UTF8*$!
{
	archiveVersion = 1;
	classes = {
	};
	objectVersion = 56;
	objects = {

/* Begin PBXBuildFile section */
		7E8562E92C980C6D0053996F /* firstprojectApp.swift in Sources */ = {isa = PBXBuildFile; fileRef = 7E8562E82C980C6D0053996F /* firstprojectApp.swift */; };
		7E8562EB2C980C6D0053996F /* ContentView.swift in Sources */ = {isa = PBXBuildFile; fileRef = 7E8562EA2C980C6D0053996F /* ContentView.swift */; };
		7E8562ED2C980C6E0053996F /* Assets.xcassets in Resources */ = {isa = PBXBuildFile; fileRef = 7E8562EC2C980C6E0053996F /* Assets.xcassets */; };
		7E8562F02C980C6E0053996F /* Preview Assets.xcassets in Resources */ = {isa = PBXBuildFile; fileRef = 7E8562EF2C980C6E0053996F /* Preview Assets.xcassets */; };
		7E8562FA2C980C6E0053996F /* firstprojectTests.swift in Sources */ = {isa = PBXBuildFile; fileRef = 7E8562F92C980C6E0053996F /* firstprojectTests.swift */; };
		7E8563042C980C6E0053996F /* firstprojectUITests.swift in Sources */ = {isa = PBXBuildFile; fileRef = 7E8563032C980C6E0053996F /* firstprojectUITests.swift */; };
		7E8563062C980C6E0053996F /* firstprojectUITestsLaunchTests.swift in Sources */ = {isa = PBXBuildFile; fileRef = 7E8563052C980C6E0053996F /* firstprojectUITestsLaunchTests.swift */; };
		7E9E5F3B2C9AA7AA0082B14A /* SignInView.swift in Sources */ = {isa = PBXBuildFile; fileRef = 7E9E5F3A2C9AA7AA0082B14A /* SignInView.swift */; };
/* End PBXBuildFile section */

/* Begin PBXContainerItemProxy section */
		7E8562F62C980C6E0053996F /* PBXContainerItemProxy */ = {
			isa = PBXContainerItemProxy;
			containerPortal = 7E8562DD2C980C6D0053996F /* Project object */;
			proxyType = 1;
			remoteGlobalIDString = 7E8562E42C980C6D0053996F;
			remoteInfo = firstproject;
		};
		7E8563002C980C6E0053996F /* PBXContainerItemProxy */ = {
			isa = PBXContainerItemProxy;
			containerPortal = 7E8562DD2C980C6D0053996F /* Project object */;
			proxyType = 1;
			remoteGlobalIDString = 7E8562E42C980C6D0053996F;
			remoteInfo = firstproject;
		};
/* End PBXContainerItemProxy section */

/* Begin PBXFileReference section */
		7E8562E52C980C6D0053996F /* firstproject.app */ = {isa = PBXFileReference; explicitFileType = wrapper.application; includeInIndex = 0; path = firstproject.app; sourceTree = BUILT_PRODUCTS_DIR; };
		7E8562E82C980C6D0053996F /* firstprojectApp.swift */ = {isa = PBXFileReference; lastKnownFileType = sourcecode.swift; path = firstprojectApp.swift; sourceTree = "<group>"; };
		7E8562EA2C980C6D0053996F /* ContentView.swift */ = {isa = PBXFileReference; lastKnownFileType = sourcecode.swift; path = ContentView.swift; sourceTree = "<group>"; };
		7E8562EC2C980C6E0053996F /* Assets.xcassets */ = {isa = PBXFileReference; lastKnownFileType = folder.assetcatalog; path = Assets.xcassets; sourceTree = "<group>"; };
		7E8562EF2C980C6E0053996F /* Preview Assets.xcassets */ = {isa = PBXFileReference; lastKnownFileType = folder.assetcatalog; path = "Preview Assets.xcassets"; sourceTree = "<group>"; };
		7E8562F52C980C6E0053996F /* firstprojectTests.xctest */ = {isa = PBXFileReference; explicitFileType = wrapper.cfbundle; includeInIndex = 0; path = firstprojectTests.xctest; sourceTree = BUILT_PRODUCTS_DIR; };
		7E8562F92C980C6E0053996F /* firstprojectTests.swift */ = {isa = PBXFileReference; lastKnownFileType = sourcecode.swift; path = firstprojectTests.swift; sourceTree = "<group>"; };
		7E8562FF2C980C6E0053996F /* firstprojectUITests.xctest */ = {isa = PBXFileReference; explicitFileType = wrapper.cfbundle; includeInIndex = 0; path = firstprojectUITests.xctest; sourceTree = BUILT_PRODUCTS_DIR; };
		7E8563032C980C6E0053996F /* firstprojectUITests.swift */ = {isa = PBXFileReference; lastKnownFileType = sourcecode.swift; path = firstprojectUITests.swift; sourceTree = "<group>"; };
		7E8563052C980C6E0053996F /* firstprojectUITestsLaunchTests.swift */ = {isa = PBXFileReference; lastKnownFileType = sourcecode.swift; path = firstprojectUITestsLaunchTests.swift; sourceTree = "<group>"; };
		7E9E5F3A2C9AA7AA0082B14A /* SignInView.swift */ = {isa = PBXFileReference; lastKnownFileType = sourcecode.swift; path = SignInView.swift; sourceTree = "<group>"; };
/* End PBXFileReference section */

/* Begin PBXFrameworksBuildPhase section */
		7E8562E22C980C6D0053996F /* Frameworks */ = {
			isa = PBXFrameworksBuildPhase;
			buildActionMask = 2147483647;
			files = (
			);
			runOnlyForDeploymentPostprocessing = 0;
		};
		7E8562F22C980C6E0053996F /* Frameworks */ = {
			isa = PBXFrameworksBuildPhase;
			buildActionMask = 2147483647;
			files = (
			);
			runOnlyForDeploymentPostprocessing = 0;
		};
		7E8562FC2C980C6E0053996F /* Frameworks */ = {
			isa = PBXFrameworksBuildPhase;
			buildActionMask = 2147483647;
			files = (
			);
			runOnlyForDeploymentPostprocessing = 0;
		};
/* End PBXFrameworksBuildPhase section */

/* Begin PBXGroup section */
		7E8562DC2C980C6D0053996F = {
			isa = PBXGroup;
			children = (
				7E8562E72C980C6D0053996F /* firstproject */,
				7E8562F82C980C6E0053996F /* firstprojectTests */,
				7E8563022C980C6E0053996F /* firstprojectUITests */,
				7E8562E62C980C6D0053996F /* Products */,
			);
			sourceTree = "<group>";
		};
		7E8562E62C980C6D0053996F /* Products */ = {
			isa = PBXGroup;
			children = (
				7E8562E52C980C6D0053996F /* firstproject.app */,
				7E8562F52C980C6E0053996F /* firstprojectTests.xctest */,
				7E8562FF2C980C6E0053996F /* firstprojectUITests.xctest */,
			);
			name = Products;
			sourceTree = "<group>";
		};
		7E8562E72C980C6D0053996F /* firstproject */ = {
			isa = PBXGroup;
			children = (
				7E8562E82C980C6D0053996F /* firstprojectApp.swift */,
				7E8562EA2C980C6D0053996F /* ContentView.swift */,
				7E8562EC2C980C6E0053996F /* Assets.xcassets */,
				7E9E5F3A2C9AA7AA0082B14A /* SignInView.swift */,
				7E8562EE2C980C6E0053996F /* Preview Content */,
			);
			path = firstproject;
			sourceTree = "<group>";
		};
		7E8562EE2C980C6E0053996F /* Preview Content */ = {
			isa = PBXGroup;
			children = (
				7E8562EF2C980C6E0053996F /* Preview Assets.xcassets */,
			);
			path = "Preview Content";
			sourceTree = "<group>";
		};
		7E8562F82C980C6E0053996F /* firstprojectTests */ = {
			isa = PBXGroup;
			children = (
				7E8562F92C980C6E0053996F /* firstprojectTests.swift */,
			);
			path = firstprojectTests;
			sourceTree = "<group>";
		};
		7E8563022C980C6E0053996F /* firstprojectUITests */ = {
			isa = PBXGroup;
			children = (
				7E8563032C980C6E0053996F /* firstprojectUITests.swift */,
				7E8563052C980C6E0053996F /* firstprojectUITestsLaunchTests.swift */,
			);
			path = firstprojectUITests;
			sourceTree = "<group>";
		};
/* End PBXGroup section */

/* Begin PBXNativeTarget section */
		7E8562E42C980C6D0053996F /* firstproject */ = {
			isa = PBXNativeTarget;
			buildConfigurationList = 7E8563092C980C6E0053996F /* Build configuration list for PBXNativeTarget "firstproject" */;
			buildPhases = (
				7E8562E12C980C6D0053996F /* Sources */,
				7E8562E22C980C6D0053996F /* Frameworks */,
				7E8562E32C980C6D0053996F /* Resources */,
			);
			buildRules = (
			);
			dependencies = (
			);
			name = firstproject;
			productName = firstproject;
			productReference = 7E8562E52C980C6D0053996F /* firstproject.app */;
			productType = "com.apple.product-type.application";
		};
		7E8562F42C980C6E0053996F /* firstprojectTests */ = {
			isa = PBXNativeTarget;
			buildConfigurationList = 7E85630C2C980C6E0053996F /* Build configuration list for PBXNativeTarget "firstprojectTests" */;
			buildPhases = (
				7E8562F12C980C6E0053996F /* Sources */,
				7E8562F22C980C6E0053996F /* Frameworks */,
				7E8562F32C980C6E0053996F /* Resources */,
			);
			buildRules = (
			);
			dependencies = (
				7E8562F72C980C6E0053996F /* PBXTargetDependency */,
			);
			name = firstprojectTests;
			productName = firstprojectTests;
			productReference = 7E8562F52C980C6E0053996F /* firstprojectTests.xctest */;
			productType = "com.apple.product-type.bundle.unit-test";
		};
		7E8562FE2C980C6E0053996F /* firstprojectUITests */ = {
			isa = PBXNativeTarget;
			buildConfigurationList = 7E85630F2C980C6E0053996F /* Build configuration list for PBXNativeTarget "firstprojectUITests" */;
			buildPhases = (
				7E8562FB2C980C6E0053996F /* Sources */,
				7E8562FC2C980C6E0053996F /* Frameworks */,
				7E8562FD2C980C6E0053996F /* Resources */,
			);
			buildRules = (
			);
			dependencies = (
				7E8563012C980C6E0053996F /* PBXTargetDependency */,
			);
			name = firstprojectUITests;
			productName = firstprojectUITests;
			productReference = 7E8562FF2C980C6E0053996F /* firstprojectUITests.xctest */;
			productType = "com.apple.product-type.bundle.ui-testing";
		};
/* End PBXNativeTarget section */

/* Begin PBXProject section */
		7E8562DD2C980C6D0053996F /* Project object */ = {
			isa = PBXProject;
			attributes = {
				BuildIndependentTargetsInParallel = 1;
				LastSwiftUpdateCheck = 1540;
				LastUpgradeCheck = 1540;
				TargetAttributes = {
					7E8562E42C980C6D0053996F = {
						CreatedOnToolsVersion = 15.4;
					};
					7E8562F42C980C6E0053996F = {
						CreatedOnToolsVersion = 15.4;
						TestTargetID = 7E8562E42C980C6D0053996F;
					};
					7E8562FE2C980C6E0053996F = {
						CreatedOnToolsVersion = 15.4;
						TestTargetID = 7E8562E42C980C6D0053996F;
					};
				};
			};
			buildConfigurationList = 7E8562E02C980C6D0053996F /* Build configuration list for PBXProject "firstproject" */;
			compatibilityVersion = "Xcode 14.0";
			developmentRegion = en;
			hasScannedForEncodings = 0;
			knownRegions = (
				en,
				Base,
			);
			mainGroup = 7E8562DC2C980C6D0053996F;
			productRefGroup = 7E8562E62C980C6D0053996F /* Products */;
			projectDirPath = "";
			projectRoot = "";
			targets = (
				7E8562E42C980C6D0053996F /* firstproject */,
				7E8562F42C980C6E0053996F /* firstprojectTests */,
				7E8562FE2C980C6E0053996F /* firstprojectUITests */,
			);
		};
/* End PBXProject section */

/* Begin PBXResourcesBuildPhase section */
		7E8562E32C980C6D0053996F /* Resources */ = {
			isa = PBXResourcesBuildPhase;
			buildActionMask = 2147483647;
			files = (
				7E8562F02C980C6E0053996F /* Preview Assets.xcassets in Resources */,
				7E8562ED2C980C6E0053996F /* Assets.xcassets in Resources */,
			);
			runOnlyForDeploymentPostprocessing = 0;
		};
		7E8562F32C980C6E0053996F /* Resources */ = {
			isa = PBXResourcesBuildPhase;
			buildActionMask = 2147483647;
			files = (
			);
			runOnlyForDeploymentPostprocessing = 0;
		};
		7E8562FD2C980C6E0053996F /* Resources */ = {
			isa = PBXResourcesBuildPhase;
			buildActionMask = 2147483647;
			files = (
			);
			runOnlyForDeploymentPostprocessing = 0;
		};
/* End PBXResourcesBuildPhase section */

/* Begin PBXSourcesBuildPhase section */
		7E8562E12C980C6D0053996F /* Sources */ = {
			isa = PBXSourcesBuildPhase;
			buildActionMask = 2147483647;
			files = (
				7E9E5F3B2C9AA7AA0082B14A /* SignInView.swift in Sources */,
				7E8562EB2C980C6D0053996F /* ContentView.swift in Sources */,
				7E8562E92C980C6D0053996F /* firstprojectApp.swift in Sources */,
			);
			runOnlyForDeploymentPostprocessing = 0;
		};
		7E8562F12C980C6E0053996F /* Sources */ = {
			isa = PBXSourcesBuildPhase;
			buildActionMask = 2147483647;
			files = (
				7E8562FA2C980C6E0053996F /* firstprojectTests.swift in Sources */,
			);
			runOnlyForDeploymentPostprocessing = 0;
		};
		7E8562FB2C980C6E0053996F /* Sources */ = {
			isa = PBXSourcesBuildPhase;
			buildActionMask = 2147483647;
			files = (
				7E8563042C980C6E0053996F /* firstprojectUITests.swift in Sources */,
				7E8563062C980C6E0053996F /* firstprojectUITestsLaunchTests.swift in Sources */,
			);
			runOnlyForDeploymentPostprocessing = 0;
		};
/* End PBXSourcesBuildPhase section */

/* Begin PBXTargetDependency section */
		7E8562F72C980C6E0053996F /* PBXTargetDependency */ = {
			isa = PBXTargetDependency;
			target = 7E8562E42C980C6D0053996F /* firstproject */;
			targetProxy = 7E8562F62C980C6E0053996F /* PBXContainerItemProxy */;
		};
		7E8563012C980C6E0053996F /* PBXTargetDependency */ = {
			isa = PBXTargetDependency;
			target = 7E8562E42C980C6D0053996F /* firstproject */;
			targetProxy = 7E8563002C980C6E0053996F /* PBXContainerItemProxy */;
		};
/* End PBXTargetDependency section */

/* Begin XCBuildConfiguration section */
		7E8563072C980C6E0053996F /* Debug */ = {
			isa = XCBuildConfiguration;
			buildSettings = {
				ALWAYS_SEARCH_USER_PATHS = NO;
				ASSETCATALOG_COMPILER_GENERATE_SWIFT_ASSET_SYMBOL_EXTENSIONS = YES;
				CLANG_ANALYZER_NONNULL = YES;
				CLANG_ANALYZER_NUMBER_OBJECT_CONVERSION = YES_AGGRESSIVE;
				CLANG_CXX_LANGUAGE_STANDARD = "gnu++20";
				CLANG_ENABLE_MODULES = YES;
				CLANG_ENABLE_OBJC_ARC = YES;
				CLANG_ENABLE_OBJC_WEAK = YES;
				CLANG_WARN_BLOCK_CAPTURE_AUTORELEASING = YES;
				CLANG_WARN_BOOL_CONVERSION = YES;
				CLANG_WARN_COMMA = YES;
				CLANG_WARN_CONSTANT_CONVERSION = YES;
				CLANG_WARN_DEPRECATED_OBJC_IMPLEMENTATIONS = YES;
				CLANG_WARN_DIRECT_OBJC_ISA_USAGE = YES_ERROR;
				CLANG_WARN_DOCUMENTATION_COMMENTS = YES;
				CLANG_WARN_EMPTY_BODY = YES;
				CLANG_WARN_ENUM_CONVERSION = YES;
				CLANG_WARN_INFINITE_RECURSION = YES;
				CLANG_WARN_INT_CONVERSION = YES;
				CLANG_WARN_NON_LITERAL_NULL_CONVERSION = YES;
				CLANG_WARN_OBJC_IMPLICIT_RETAIN_SELF = YES;
				CLANG_WARN_OBJC_LITERAL_CONVERSION = YES;
				CLANG_WARN_OBJC_ROOT_CLASS = YES_ERROR;
				CLANG_WARN_QUOTED_INCLUDE_IN_FRAMEWORK_HEADER = YES;
				CLANG_WARN_RANGE_LOOP_ANALYSIS = YES;
				CLANG_WARN_STRICT_PROTOTYPES = YES;
				CLANG_WARN_SUSPICIOUS_MOVE = YES;
				CLANG_WARN_UNGUARDED_AVAILABILITY = YES_AGGRESSIVE;
				CLANG_WARN_UNREACHABLE_CODE = YES;
				CLANG_WARN__DUPLICATE_METHOD_MATCH = YES;
				COPY_PHASE_STRIP = NO;
				DEBUG_INFORMATION_FORMAT = dwarf;
				ENABLE_STRICT_OBJC_MSGSEND = YES;
				ENABLE_TESTABILITY = YES;
				ENABLE_USER_SCRIPT_SANDBOXING = YES;
				GCC_C_LANGUAGE_STANDARD = gnu17;
				GCC_DYNAMIC_NO_PIC = NO;
				GCC_NO_COMMON_BLOCKS = YES;
				GCC_OPTIMIZATION_LEVEL = 0;
				GCC_PREPROCESSOR_DEFINITIONS = (
					"DEBUG=1",
					"$(inherited)",
				);
				GCC_WARN_64_TO_32_BIT_CONVERSION = YES;
				GCC_WARN_ABOUT_RETURN_TYPE = YES_ERROR;
				GCC_WARN_UNDECLARED_SELECTOR = YES;
				GCC_WARN_UNINITIALIZED_AUTOS = YES_AGGRESSIVE;
				GCC_WARN_UNUSED_FUNCTION = YES;
				GCC_WARN_UNUSED_VARIABLE = YES;
				IPHONEOS_DEPLOYMENT_TARGET = 17.5;
				LOCALIZATION_PREFERS_STRING_CATALOGS = YES;
				MTL_ENABLE_DEBUG_INFO = INCLUDE_SOURCE;
				MTL_FAST_MATH = YES;
				ONLY_ACTIVE_ARCH = YES;
				SDKROOT = iphoneos;
				SWIFT_ACTIVE_COMPILATION_CONDITIONS = "DEBUG $(inherited)";
				SWIFT_OPTIMIZATION_LEVEL = "-Onone";
			};
			name = Debug;
		};
		7E8563082C980C6E0053996F /* Release */ = {
			isa = XCBuildConfiguration;
			buildSettings = {
				ALWAYS_SEARCH_USER_PATHS = NO;
				ASSETCATALOG_COMPILER_GENERATE_SWIFT_ASSET_SYMBOL_EXTENSIONS = YES;
				CLANG_ANALYZER_NONNULL = YES;
				CLANG_ANALYZER_NUMBER_OBJECT_CONVERSION = YES_AGGRESSIVE;
				CLANG_CXX_LANGUAGE_STANDARD = "gnu++20";
				CLANG_ENABLE_MODULES = YES;
				CLANG_ENABLE_OBJC_ARC = YES;
				CLANG_ENABLE_OBJC_WEAK = YES;
				CLANG_WARN_BLOCK_CAPTURE_AUTORELEASING = YES;
				CLANG_WARN_BOOL_CONVERSION = YES;
				CLANG_WARN_COMMA = YES;
				CLANG_WARN_CONSTANT_CONVERSION = YES;
				CLANG_WARN_DEPRECATED_OBJC_IMPLEMENTATIONS = YES;
				CLANG_WARN_DIRECT_OBJC_ISA_USAGE = YES_ERROR;
				CLANG_WARN_DOCUMENTATION_COMMENTS = YES;
				CLANG_WARN_EMPTY_BODY = YES;
				CLANG_WARN_ENUM_CONVERSION = YES;
				CLANG_WARN_INFINITE_RECURSION = YES;
				CLANG_WARN_INT_CONVERSION = YES;
				CLANG_WARN_NON_LITERAL_NULL_CONVERSION = YES;
				CLANG_WARN_OBJC_IMPLICIT_RETAIN_SELF = YES;
				CLANG_WARN_OBJC_LITERAL_CONVERSION = YES;
				CLANG_WARN_OBJC_ROOT_CLASS = YES_ERROR;
				CLANG_WARN_QUOTED_INCLUDE_IN_FRAMEWORK_HEADER = YES;
				CLANG_WARN_RANGE_LOOP_ANALYSIS = YES;
				CLANG_WARN_STRICT_PROTOTYPES = YES;
				CLANG_WARN_SUSPICIOUS_MOVE = YES;
				CLANG_WARN_UNGUARDED_AVAILABILITY = YES_AGGRESSIVE;
				CLANG_WARN_UNREACHABLE_CODE = YES;
				CLANG_WARN__DUPLICATE_METHOD_MATCH = YES;
				COPY_PHASE_STRIP = NO;
				DEBUG_INFORMATION_FORMAT = "dwarf-with-dsym";
				ENABLE_NS_ASSERTIONS = NO;
				ENABLE_STRICT_OBJC_MSGSEND = YES;
				ENABLE_USER_SCRIPT_SANDBOXING = YES;
				GCC_C_LANGUAGE_STANDARD = gnu17;
				GCC_NO_COMMON_BLOCKS = YES;
				GCC_WARN_64_TO_32_BIT_CONVERSION = YES;
				GCC_WARN_ABOUT_RETURN_TYPE = YES_ERROR;
				GCC_WARN_UNDECLARED_SELECTOR = YES;
				GCC_WARN_UNINITIALIZED_AUTOS = YES_AGGRESSIVE;
				GCC_WARN_UNUSED_FUNCTION = YES;
				GCC_WARN_UNUSED_VARIABLE = YES;
				IPHONEOS_DEPLOYMENT_TARGET = 17.5;
				LOCALIZATION_PREFERS_STRING_CATALOGS = YES;
				MTL_ENABLE_DEBUG_INFO = NO;
				MTL_FAST_MATH = YES;
				SDKROOT = iphoneos;
				SWIFT_COMPILATION_MODE = wholemodule;
				VALIDATE_PRODUCT = YES;
			};
			name = Release;
		};
		7E85630A2C980C6E0053996F /* Debug */ = {
			isa = XCBuildConfiguration;
			buildSettings = {
				ASSETCATALOG_COMPILER_APPICON_NAME = AppIcon;
				ASSETCATALOG_COMPILER_GLOBAL_ACCENT_COLOR_NAME = AccentColor;
				CODE_SIGN_STYLE = Automatic;
				CURRENT_PROJECT_VERSION = 1;
				DEVELOPMENT_ASSET_PATHS = "\"firstproject/Preview Content\"";
				ENABLE_PREVIEWS = YES;
				GENERATE_INFOPLIST_FILE = YES;
				INFOPLIST_KEY_UIApplicationSceneManifest_Generation = YES;
				INFOPLIST_KEY_UIApplicationSupportsIndirectInputEvents = YES;
				INFOPLIST_KEY_UILaunchScreen_Generation = YES;
				INFOPLIST_KEY_UISupportedInterfaceOrientations_iPad = "UIInterfaceOrientationPortrait UIInterfaceOrientationPortraitUpsideDown UIInterfaceOrientationLandscapeLeft UIInterfaceOrientationLandscapeRight";
				INFOPLIST_KEY_UISupportedInterfaceOrientations_iPhone = "UIInterfaceOrientationPortrait UIInterfaceOrientationLandscapeLeft UIInterfaceOrientationLandscapeRight";
				LD_RUNPATH_SEARCH_PATHS = (
					"$(inherited)",
					"@executable_path/Frameworks",
				);
				MARKETING_VERSION = 1.0;
				PRODUCT_BUNDLE_IDENTIFIER = "Ml-bench.firstproject";
				PRODUCT_NAME = "$(TARGET_NAME)";
				SWIFT_EMIT_LOC_STRINGS = YES;
				SWIFT_VERSION = 5.0;
				TARGETED_DEVICE_FAMILY = "1,2";
			};
			name = Debug;
		};
		7E85630B2C980C6E0053996F /* Release */ = {
			isa = XCBuildConfiguration;
			buildSettings = {
				ASSETCATALOG_COMPILER_APPICON_NAME = AppIcon;
				ASSETCATALOG_COMPILER_GLOBAL_ACCENT_COLOR_NAME = AccentColor;
				CODE_SIGN_STYLE = Automatic;
				CURRENT_PROJECT_VERSION = 1;
				DEVELOPMENT_ASSET_PATHS = "\"firstproject/Preview Content\"";
				ENABLE_PREVIEWS = YES;
				GENERATE_INFOPLIST_FILE = YES;
				INFOPLIST_KEY_UIApplicationSceneManifest_Generation = YES;
				INFOPLIST_KEY_UIApplicationSupportsIndirectInputEvents = YES;
				INFOPLIST_KEY_UILaunchScreen_Generation = YES;
				INFOPLIST_KEY_UISupportedInterfaceOrientations_iPad = "UIInterfaceOrientationPortrait UIInterfaceOrientationPortraitUpsideDown UIInterfaceOrientationLandscapeLeft UIInterfaceOrientationLandscapeRight";
				INFOPLIST_KEY_UISupportedInterfaceOrientations_iPhone = "UIInterfaceOrientationPortrait UIInterfaceOrientationLandscapeLeft UIInterfaceOrientationLandscapeRight";
				LD_RUNPATH_SEARCH_PATHS = (
					"$(inherited)",
					"@executable_path/Frameworks",
				);
				MARKETING_VERSION = 1.0;
				PRODUCT_BUNDLE_IDENTIFIER = "Ml-bench.firstproject";
				PRODUCT_NAME = "$(TARGET_NAME)";
				SWIFT_EMIT_LOC_STRINGS = YES;
				SWIFT_VERSION = 5.0;
				TARGETED_DEVICE_FAMILY = "1,2";
			};
			name = Release;
		};
		7E85630D2C980C6E0053996F /* Debug */ = {
			isa = XCBuildConfiguration;
			buildSettings = {
				ALWAYS_EMBED_SWIFT_STANDARD_LIBRARIES = YES;
				BUNDLE_LOADER = "$(TEST_HOST)";
				CODE_SIGN_STYLE = Automatic;
				CURRENT_PROJECT_VERSION = 1;
				GENERATE_INFOPLIST_FILE = YES;
				IPHONEOS_DEPLOYMENT_TARGET = 17.5;
				MARKETING_VERSION = 1.0;
				PRODUCT_BUNDLE_IDENTIFIER = "Ml-bench.firstprojectTests";
				PRODUCT_NAME = "$(TARGET_NAME)";
				SWIFT_EMIT_LOC_STRINGS = NO;
				SWIFT_VERSION = 5.0;
				TARGETED_DEVICE_FAMILY = "1,2";
				TEST_HOST = "$(BUILT_PRODUCTS_DIR)/firstproject.app/$(BUNDLE_EXECUTABLE_FOLDER_PATH)/firstproject";
			};
			name = Debug;
		};
		7E85630E2C980C6E0053996F /* Release */ = {
			isa = XCBuildConfiguration;
			buildSettings = {
				ALWAYS_EMBED_SWIFT_STANDARD_LIBRARIES = YES;
				BUNDLE_LOADER = "$(TEST_HOST)";
				CODE_SIGN_STYLE = Automatic;
				CURRENT_PROJECT_VERSION = 1;
				GENERATE_INFOPLIST_FILE = YES;
				IPHONEOS_DEPLOYMENT_TARGET = 17.5;
				MARKETING_VERSION = 1.0;
				PRODUCT_BUNDLE_IDENTIFIER = "Ml-bench.firstprojectTests";
				PRODUCT_NAME = "$(TARGET_NAME)";
				SWIFT_EMIT_LOC_STRINGS = NO;
				SWIFT_VERSION = 5.0;
				TARGETED_DEVICE_FAMILY = "1,2";
				TEST_HOST = "$(BUILT_PRODUCTS_DIR)/firstproject.app/$(BUNDLE_EXECUTABLE_FOLDER_PATH)/firstproject";
			};
			name = Release;
		};
		7E8563102C980C6E0053996F /* Debug */ = {
			isa = XCBuildConfiguration;
			buildSettings = {
				ALWAYS_EMBED_SWIFT_STANDARD_LIBRARIES = YES;
				CODE_SIGN_STYLE = Automatic;
				CURRENT_PROJECT_VERSION = 1;
				GENERATE_INFOPLIST_FILE = YES;
				MARKETING_VERSION = 1.0;
				PRODUCT_BUNDLE_IDENTIFIER = "Ml-bench.firstprojectUITests";
				PRODUCT_NAME = "$(TARGET_NAME)";
				SWIFT_EMIT_LOC_STRINGS = NO;
				SWIFT_VERSION = 5.0;
				TARGETED_DEVICE_FAMILY = "1,2";
				TEST_TARGET_NAME = firstproject;
			};
			name = Debug;
		};
		7E8563112C980C6E0053996F /* Release */ = {
			isa = XCBuildConfiguration;
			buildSettings = {
				ALWAYS_EMBED_SWIFT_STANDARD_LIBRARIES = YES;
				CODE_SIGN_STYLE = Automatic;
				CURRENT_PROJECT_VERSION = 1;
				GENERATE_INFOPLIST_FILE = YES;
				MARKETING_VERSION = 1.0;
				PRODUCT_BUNDLE_IDENTIFIER = "Ml-bench.firstprojectUITests";
				PRODUCT_NAME = "$(TARGET_NAME)";
				SWIFT_EMIT_LOC_STRINGS = NO;
				SWIFT_VERSION = 5.0;
				TARGETED_DEVICE_FAMILY = "1,2";
				TEST_TARGET_NAME = firstproject;
			};
			name = Release;
		};
/* End XCBuildConfiguration section */

/* Begin XCConfigurationList section */
		7E8562E02C980C6D0053996F /* Build configuration list for PBXProject "firstproject" */ = {
			isa = XCConfigurationList;
			buildConfigurations = (
				7E8563072C980C6E0053996F /* Debug */,
				7E8563082C980C6E0053996F /* Release */,
			);
			defaultConfigurationIsVisible = 0;
			defaultConfigurationName = Release;
		};
		7E8563092C980C6E0053996F /* Build configuration list for PBXNativeTarget "firstproject" */ = {
			isa = XCConfigurationList;
			buildConfigurations = (
				7E85630A2C980C6E0053996F /* Debug */,
				7E85630B2C980C6E0053996F /* Release */,
			);
			defaultConfigurationIsVisible = 0;
			defaultConfigurationName = Release;
		};
		7E85630C2C980C6E0053996F /* Build configuration list for PBXNativeTarget "firstprojectTests" */ = {
			isa = XCConfigurationList;
			buildConfigurations = (
				7E85630D2C980C6E0053996F /* Debug */,
				7E85630E2C980C6E0053996F /* Release */,
			);
			defaultConfigurationIsVisible = 0;
			defaultConfigurationName = Release;
		};
		7E85630F2C980C6E0053996F /* Build configuration list for PBXNativeTarget "firstprojectUITests" */ = {
			isa = XCConfigurationList;
			buildConfigurations = (
				7E8563102C980C6E0053996F /* Debug */,
				7E8563112C980C6E0053996F /* Release */,
			);
			defaultConfigurationIsVisible = 0;
			defaultConfigurationName = Release;
		};
/* End XCConfigurationList section */
	};
	rootObject = 7E8562DD2C980C6D0053996F /* Project object */;
}
